
Microsoft Visual Studio Solution File, Format Version 12.00
# Visual Studio 15
VisualStudioVersion = 15.0.28010.2026
MinimumVisualStudioVersion = 10.0.40219.1
Project("{FAE04EC0-301F-11D3-BF4B-00C04F79EFBC}") = "WebServiceClientes", "WebServiceClientes\WebServiceClientes.csproj", "{0B6271C9-5745-4E54-835B-DEB8EB31213B}"
EndProject
Global
	GlobalSection(SolutionConfigurationPlatforms) = preSolution
		Debug|Any CPU = Debug|Any CPU
		Release|Any CPU = Release|Any CPU
	EndGlobalSection
	GlobalSection(ProjectConfigurationPlatforms) = postSolution
		{0B6271C9-5745-4E54-835B-DEB8EB31213B}.Debug|Any CPU.ActiveCfg = Debug|Any CPU
		{0B6271C9-5745-4E54-835B-DEB8EB31213B}.Debug|Any CPU.Build.0 = Debug|Any CPU
		{0B6271C9-5745-4E54-835B-DEB8EB31213B}.Release|Any CPU.ActiveCfg = Release|Any CPU
		{0B6271C9-5745-4E54-835B-DEB8EB31213B}.Release|Any CPU.Build.0 = Release|Any CPU
	EndGlobalSection
	GlobalSection(SolutionProperties) = preSolution
		HideSolutionNode = FALSE
	EndGlobalSection
	GlobalSection(ExtensibilityGlobals) = postSolution
		SolutionGuid = {4B7772CD-5A0F-43EE-9CED-894F71EF91F7}
	EndGlobalSection
EndGlobal
